
Microsoft Visual Studio Solution File, Format Version 12.00
# Visual Studio 15
VisualStudioVersion = 15.0.28307.1622
MinimumVisualStudioVersion = 10.0.40219.1
Project("{FAE04EC0-301F-11D3-BF4B-00C04F79EFBC}") = "Day2_Practice", "Day2_Practice\Day2_Practice.csproj", "{B2F9BE83-EC5B-4A72-ACB9-3064F9C4287A}"
EndProject
Global
	GlobalSection(SolutionConfigurationPlatforms) = preSolution
		Debug|Any CPU = Debug|Any CPU
		Release|Any CPU = Release|Any CPU
	EndGlobalSection
	GlobalSection(ProjectConfigurationPlatforms) = postSolution
		{B2F9BE83-EC5B-4A72-ACB9-3064F9C4287A}.Debug|Any CPU.ActiveCfg = Debug|Any CPU
		{B2F9BE83-EC5B-4A72-ACB9-3064F9C4287A}.Debug|Any CPU.Build.0 = Debug|Any CPU
		{B2F9BE83-EC5B-4A72-ACB9-3064F9C4287A}.Release|Any CPU.ActiveCfg = Release|Any CPU
		{B2F9BE83-EC5B-4A72-ACB9-3064F9C4287A}.Release|Any CPU.Build.0 = Release|Any CPU
	EndGlobalSection
	GlobalSection(SolutionProperties) = preSolution
		HideSolutionNode = FALSE
	EndGlobalSection
	GlobalSection(ExtensibilityGlobals) = postSolution
		SolutionGuid = {92F2C333-CE05-4D19-BF74-1285FC9B2D40}
	EndGlobalSection
EndGlobal
